<?xml version="1.0" encoding="utf-8"?>
<Project ToolsVersion="4.0" xmlns="http://schemas.microsoft.com/developer/msbuild/2003">
  <ItemGroup>
    <Filter Include="Source Files">
      <UniqueIdentifier>{4FC737F1-C7A5-4376-A066-2A32D752A2FF}</UniqueIdentifier>
      <Extensions>cpp;c;cc;cxx;def;odl;idl;hpj;bat;asm;asmx</Extensions>
    </Filter>
    <Filter Include="Source Files\BasicTypes">
      <UniqueIdentifier>{570097a5-e27a-421a-940a-3fe7cce57f98}</UniqueIdentifier>
    </Filter>
    <Filter Include="Header Files">
      <UniqueIdentifier>{93995380-89BD-4b04-88EB-625FBE52EBFB}</UniqueIdentifier>
      <Extensions>h;hpp;hxx;hm;inl;inc;xsd</Extensions>
    </Filter>
    <Filter Include="Header Files\BasicTypes">
      <UniqueIdentifier>{26fb2bb4-a45c-4c4f-aab1-962328945102}</UniqueIdentifier>
    </Filter>
    <Filter Include="Resource Files">
      <UniqueIdentifier>{67DA6AB6-F800-4c08-8B7A-83BB121AAD01}</UniqueIdentifier>
      <Extensions>rc;ico;cur;bmp;dlg;rc2;rct;bin;rgs;gif;jpg;jpeg;jpe;resx;tiff;tif;png;wav</Extensions>
    </Filter>
  </ItemGroup>
  <ItemGroup>
    <ClCompile Include="Camera.cpp">
      <Filter>Source Files</Filter>
    </ClCompile>
    <ClCompile Include="Definitions.cpp">
      <Filter>Source Files</Filter>
    </ClCompile>
    <ClCompile Include="Mathematics.cpp">
      <Filter>Source Files</Filter>
    </ClCompile>
    <ClCompile Include="color.cpp">
      <Filter>Source Files\BasicTypes</Filter>
    </ClCompile>
    <ClCompile Include="mat3.cpp">
      <Filter>Source Files\BasicTypes</Filter>
    </ClCompile>
    <ClCompile Include="mat4.cpp">
      <Filter>Source Files\BasicTypes</Filter>
    </ClCompile>
    <ClCompile Include="matcc.cpp">
      <Filter>Source Files\BasicTypes</Filter>
    </ClCompile>
    <ClCompile Include="vec2.cpp">
      <Filter>Source Files\BasicTypes</Filter>
    </ClCompile>
    <ClCompile Include="vec3.cpp">
      <Filter>Source Files\BasicTypes</Filter>
    </ClCompile>
    <ClCompile Include="vec4.cpp">
      <Filter>Source Files\BasicTypes</Filter>
    </ClCompile>
    <ClCompile Include="mat3d.cpp">
      <Filter>Source Files\BasicTypes</Filter>
    </ClCompile>
    <ClCompile Include="vec3d.cpp">
      <Filter>Source Files\BasicTypes</Filter>
    </ClCompile>
    <ClCompile Include="vec4d.cpp">
      <Filter>Source Files\BasicTypes</Filter>
    </ClCompile>
    <ClCompile Include="vec2d.cpp">
      <Filter>Source Files\BasicTypes</Filter>
    </ClCompile>
  </ItemGroup>
  <ItemGroup>
    <ClInclude Include="..\Inc\RX\Camera.h">
      <Filter>Header Files</Filter>
    </ClInclude>
    <ClInclude Include="..\Inc\RX\Definitions.h">
      <Filter>Header Files</Filter>
    </ClInclude>
    <ClInclude Include="..\Inc\RX\Mathematics.h">
      <Filter>Header Files</Filter>
    </ClInclude>
    <ClInclude Include="..\Inc\RX\color.h">
      <Filter>Header Files\BasicTypes</Filter>
    </ClInclude>
    <ClInclude Include="..\Inc\RX\mat3.h">
      <Filter>Header Files\BasicTypes</Filter>
    </ClInclude>
    <ClInclude Include="..\Inc\RX\mat4.h">
      <Filter>Header Files\BasicTypes</Filter>
    </ClInclude>
    <ClInclude Include="..\Inc\RX\vec2.h">
      <Filter>Header Files\BasicTypes</Filter>
    </ClInclude>
    <ClInclude Include="..\Inc\RX\vec3.h">
      <Filter>Header Files\BasicTypes</Filter>
    </ClInclude>
    <ClInclude Include="..\Inc\RX\vec4.h">
      <Filter>Header Files\BasicTypes</Filter>
    </ClInclude>
    <ClInclude Include="..\Inc\RX\mat3d.h">
      <Filter>Header Files\BasicTypes</Filter>
    </ClInclude>
    <ClInclude Include="..\Inc\RX\matcc.h">
      <Filter>Header Files\BasicTypes</Filter>
    </ClInclude>
    <ClInclude Include="..\Inc\RX\vec2d.h">
      <Filter>Header Files\BasicTypes</Filter>
    </ClInclude>
    <ClInclude Include="..\Inc\RX\vec3d.h">
      <Filter>Header Files\BasicTypes</Filter>
    </ClInclude>
    <ClInclude Include="..\Inc\RX\vec4d.h">
      <Filter>Header Files\BasicTypes</Filter>
    </ClInclude>
  </ItemGroup>
</Project>